
Microsoft Visual Studio Solution File, Format Version 12.00
# Visual Studio Version 17
VisualStudioVersion = 17.2.32519.379
MinimumVisualStudioVersion = 10.0.40219.1
Project("{9A19103F-16F7-4668-BE54-9A1E7A4F7556}") = "NLayer.Core", "NLayer.Core\NLayer.Core.csproj", "{E07D908F-EEF5-4C3E-8CC0-32B1E7435D79}"
EndProject
Project("{9A19103F-16F7-4668-BE54-9A1E7A4F7556}") = "NLayer.Repository", "NLayer.Repository\NLayer.Repository.csproj", "{CF2E18C6-255A-4DB9-A0AC-E3E5B8C95D64}"
EndProject
Project("{9A19103F-16F7-4668-BE54-9A1E7A4F7556}") = "NLayer.Service", "NLayer.Service\NLayer.Service.csproj", "{FFC32903-2F9C-4A60-B4BC-83A4B7C9DE32}"
EndProject
Project("{FAE04EC0-301F-11D3-BF4B-00C04F79EFBC}") = "NLayer.API", "NLayer.API\NLayer.API.csproj", "{C3952DF2-144F-492A-9056-B32AAE680035}"
EndProject
Project("{FAE04EC0-301F-11D3-BF4B-00C04F79EFBC}") = "NLayer.Caching", "NLayer.Caching\NLayer.Caching.csproj", "{99F35EBD-93D5-4A72-A720-EB1FC489077A}"
EndProject
Global
	GlobalSection(SolutionConfigurationPlatforms) = preSolution
		Debug|Any CPU = Debug|Any CPU
		Release|Any CPU = Release|Any CPU
	EndGlobalSection
	GlobalSection(ProjectConfigurationPlatforms) = postSolution
		{E07D908F-EEF5-4C3E-8CC0-32B1E7435D79}.Debug|Any CPU.ActiveCfg = Debug|Any CPU
		{E07D908F-EEF5-4C3E-8CC0-32B1E7435D79}.Debug|Any CPU.Build.0 = Debug|Any CPU
		{E07D908F-EEF5-4C3E-8CC0-32B1E7435D79}.Release|Any CPU.ActiveCfg = Release|Any CPU
		{E07D908F-EEF5-4C3E-8CC0-32B1E7435D79}.Release|Any CPU.Build.0 = Release|Any CPU
		{CF2E18C6-255A-4DB9-A0AC-E3E5B8C95D64}.Debug|Any CPU.ActiveCfg = Debug|Any CPU
		{CF2E18C6-255A-4DB9-A0AC-E3E5B8C95D64}.Debug|Any CPU.Build.0 = Debug|Any CPU
		{CF2E18C6-255A-4DB9-A0AC-E3E5B8C95D64}.Release|Any CPU.ActiveCfg = Release|Any CPU
		{CF2E18C6-255A-4DB9-A0AC-E3E5B8C95D64}.Release|Any CPU.Build.0 = Release|Any CPU
		{FFC32903-2F9C-4A60-B4BC-83A4B7C9DE32}.Debug|Any CPU.ActiveCfg = Debug|Any CPU
		{FFC32903-2F9C-4A60-B4BC-83A4B7C9DE32}.Debug|Any CPU.Build.0 = Debug|Any CPU
		{FFC32903-2F9C-4A60-B4BC-83A4B7C9DE32}.Release|Any CPU.ActiveCfg = Release|Any CPU
		{FFC32903-2F9C-4A60-B4BC-83A4B7C9DE32}.Release|Any CPU.Build.0 = Release|Any CPU
		{C3952DF2-144F-492A-9056-B32AAE680035}.Debug|Any CPU.ActiveCfg = Debug|Any CPU
		{C3952DF2-144F-492A-9056-B32AAE680035}.Debug|Any CPU.Build.0 = Debug|Any CPU
		{C3952DF2-144F-492A-9056-B32AAE680035}.Release|Any CPU.ActiveCfg = Release|Any CPU
		{C3952DF2-144F-492A-9056-B32AAE680035}.Release|Any CPU.Build.0 = Release|Any CPU
		{99F35EBD-93D5-4A72-A720-EB1FC489077A}.Debug|Any CPU.ActiveCfg = Debug|Any CPU
		{99F35EBD-93D5-4A72-A720-EB1FC489077A}.Debug|Any CPU.Build.0 = Debug|Any CPU
		{99F35EBD-93D5-4A72-A720-EB1FC489077A}.Release|Any CPU.ActiveCfg = Release|Any CPU
		{99F35EBD-93D5-4A72-A720-EB1FC489077A}.Release|Any CPU.Build.0 = Release|Any CPU
	EndGlobalSection
	GlobalSection(SolutionProperties) = preSolution
		HideSolutionNode = FALSE
	EndGlobalSection
	GlobalSection(ExtensibilityGlobals) = postSolution
		SolutionGuid = {588BBBF8-872B-497A-8D0F-5EB603B43765}
	EndGlobalSection
EndGlobal
